
Microsoft Visual Studio Solution File, Format Version 12.00
# Visual Studio Version 16
VisualStudioVersion = 16.0.31005.135
MinimumVisualStudioVersion = 10.0.40219.1
Project("{FAE04EC0-301F-11D3-BF4B-00C04F79EFBC}") = "AppBankWithdraw", "AppBankWithdraw\AppBankWithdraw.csproj", "{C09F26B4-1D4D-4115-AEFF-15842D2FEF5F}"
EndProject
Global
	GlobalSection(SolutionConfigurationPlatforms) = preSolution
		Debug|Any CPU = Debug|Any CPU
		Release|Any CPU = Release|Any CPU
	EndGlobalSection
	GlobalSection(ProjectConfigurationPlatforms) = postSolution
		{C09F26B4-1D4D-4115-AEFF-15842D2FEF5F}.Debug|Any CPU.ActiveCfg = Debug|Any CPU
		{C09F26B4-1D4D-4115-AEFF-15842D2FEF5F}.Debug|Any CPU.Build.0 = Debug|Any CPU
		{C09F26B4-1D4D-4115-AEFF-15842D2FEF5F}.Release|Any CPU.ActiveCfg = Release|Any CPU
		{C09F26B4-1D4D-4115-AEFF-15842D2FEF5F}.Release|Any CPU.Build.0 = Release|Any CPU
	EndGlobalSection
	GlobalSection(SolutionProperties) = preSolution
		HideSolutionNode = FALSE
	EndGlobalSection
	GlobalSection(ExtensibilityGlobals) = postSolution
		SolutionGuid = {CDC64507-0EE2-434F-8E59-40C88DBFBD71}
	EndGlobalSection
EndGlobal
